
Microsoft Visual Studio Solution File, Format Version 12.00
# Visual Studio Version 16
VisualStudioVersion = 16.0.29201.188
MinimumVisualStudioVersion = 10.0.40219.1
Project("{FAE04EC0-301F-11D3-BF4B-00C04F79EFBC}") = "CardGames", "CardGames\CardGames.csproj", "{ADBC1E4E-2465-4225-A964-9616BEE7C42B}"
EndProject
Global
	GlobalSection(SolutionConfigurationPlatforms) = preSolution
		Debug|Any CPU = Debug|Any CPU
		Release|Any CPU = Release|Any CPU
	EndGlobalSection
	GlobalSection(ProjectConfigurationPlatforms) = postSolution
		{ADBC1E4E-2465-4225-A964-9616BEE7C42B}.Debug|Any CPU.ActiveCfg = Debug|Any CPU
		{ADBC1E4E-2465-4225-A964-9616BEE7C42B}.Debug|Any CPU.Build.0 = Debug|Any CPU
		{ADBC1E4E-2465-4225-A964-9616BEE7C42B}.Release|Any CPU.ActiveCfg = Release|Any CPU
		{ADBC1E4E-2465-4225-A964-9616BEE7C42B}.Release|Any CPU.Build.0 = Release|Any CPU
	EndGlobalSection
	GlobalSection(SolutionProperties) = preSolution
		HideSolutionNode = FALSE
	EndGlobalSection
	GlobalSection(ExtensibilityGlobals) = postSolution
		SolutionGuid = {6C460AB2-DAFC-4DF3-9002-B8EFAC6AEDC8}
	EndGlobalSection
EndGlobal
